{
  "lockfileVersion": 1,
  "configVersion": 1,
  "workspaces": {
    "": {
      "name": "cubepath-hackaton-undertakingg",
      "dependencies": {
        "@openrouter/sdk": "^0.9.11",
        "hono": "^4.12.8",
        "ioredis": "^5.10.1",
      },
      "devDependencies": {
        "@types/bun": "latest",
        "@types/node": "^25.5.0",
        "typedoc": "^0.28.18",
      },
      "peerDependencies": {
        "typescript": "^5",
      },
    },
  },
  "packages": {
    "@gerrit0/mini-shiki": ["@gerrit0/mini-shiki@3.23.0", "", { "dependencies": { "@shikijs/engine-oniguruma": "^3.23.0", "@shikijs/langs": "^3.23.0", "@shikijs/themes": "^3.23.0", "@shikijs/types": "^3.23.0", "@shikijs/vscode-textmate": "^10.0.2" } }, "sha512-bEMORlG0cqdjVyCEuU0cDQbORWX+kYCeo0kV1lbxF5bt4r7SID2l9bqsxJEM0zndaxpOUT7riCyIVEuqq/Ynxg=="],

    "@ioredis/commands": ["@ioredis/commands@1.5.1", "", {}, "sha512-JH8ZL/ywcJyR9MmJ5BNqZllXNZQqQbnVZOqpPQqE1vHiFgAw4NHbvE0FOduNU8IX9babitBT46571OnPTT0Zcw=="],

    "@openrouter/sdk": ["@openrouter/sdk@0.9.11", "", { "dependencies": { "zod": "^3.25.0 || ^4.0.0" } }, "sha512-BgFu6NcIJO4a9aVjr04y3kZ8pyM71j15I+bzfVAGEvxnj+KQNIkBYQGgwrG3D+aT1QpDKLki8btcQmpaxUas6A=="],

    "@shikijs/engine-oniguruma": ["@shikijs/engine-oniguruma@3.23.0", "", { "dependencies": { "@shikijs/types": "3.23.0", "@shikijs/vscode-textmate": "^10.0.2" } }, "sha512-1nWINwKXxKKLqPibT5f4pAFLej9oZzQTsby8942OTlsJzOBZ0MWKiwzMsd+jhzu8YPCHAswGnnN1YtQfirL35g=="],

    "@shikijs/langs": ["@shikijs/langs@3.23.0", "", { "dependencies": { "@shikijs/types": "3.23.0" } }, "sha512-2Ep4W3Re5aB1/62RSYQInK9mM3HsLeB91cHqznAJMuylqjzNVAVCMnNWRHFtcNHXsoNRayP9z1qj4Sq3nMqYXg=="],

    "@shikijs/themes": ["@shikijs/themes@3.23.0", "", { "dependencies": { "@shikijs/types": "3.23.0" } }, "sha512-5qySYa1ZgAT18HR/ypENL9cUSGOeI2x+4IvYJu4JgVJdizn6kG4ia5Q1jDEOi7gTbN4RbuYtmHh0W3eccOrjMA=="],

    "@shikijs/types": ["@shikijs/types@3.23.0", "", { "dependencies": { "@shikijs/vscode-textmate": "^10.0.2", "@types/hast": "^3.0.4" } }, "sha512-3JZ5HXOZfYjsYSk0yPwBrkupyYSLpAE26Qc0HLghhZNGTZg/SKxXIIgoxOpmmeQP0RRSDJTk1/vPfw9tbw+jSQ=="],

    "@shikijs/vscode-textmate": ["@shikijs/vscode-textmate@10.0.2", "", {}, "sha512-83yeghZ2xxin3Nj8z1NMd/NCuca+gsYXswywDy5bHvwlWL8tpTQmzGeUuHd9FC3E/SBEMvzJRwWEOz5gGes9Qg=="],

    "@types/bun": ["@types/bun@1.3.11", "", { "dependencies": { "bun-types": "1.3.11" } }, "sha512-5vPne5QvtpjGpsGYXiFyycfpDF2ECyPcTSsFBMa0fraoxiQyMJ3SmuQIGhzPg2WJuWxVBoxWJ2kClYTcw/4fAg=="],

    "@types/hast": ["@types/hast@3.0.4", "", { "dependencies": { "@types/unist": "*" } }, "sha512-WPs+bbQw5aCj+x6laNGWLH3wviHtoCv/P3+otBhbOhJgG8qtpdAMlTCxLtsTWA7LH1Oh/bFCHsBn0TPS5m30EQ=="],

    "@types/node": ["@types/node@25.5.0", "", { "dependencies": { "undici-types": "~7.18.0" } }, "sha512-jp2P3tQMSxWugkCUKLRPVUpGaL5MVFwF8RDuSRztfwgN1wmqJeMSbKlnEtQqU8UrhTmzEmZdu2I6v2dpp7XIxw=="],

    "@types/unist": ["@types/unist@3.0.3", "", {}, "sha512-ko/gIFJRv177XgZsZcBwnqJN5x/Gien8qNOn0D5bQU/zAzVf9Zt3BlcUiLqhV9y4ARk0GbT3tnUiPNgnTXzc/Q=="],

    "argparse": ["argparse@2.0.1", "", {}, "sha512-8+9WqebbFzpX9OR+Wa6O29asIogeRMzcGtAINdpMHHyAg10f05aSFVBbcEqGf/PXw1EjAZ+q2/bEBg3DvurK3Q=="],

    "balanced-match": ["balanced-match@4.0.4", "", {}, "sha512-BLrgEcRTwX2o6gGxGOCNyMvGSp35YofuYzw9h1IMTRmKqttAZZVU67bdb9Pr2vUHA8+j3i2tJfjO6C6+4myGTA=="],

    "brace-expansion": ["brace-expansion@5.0.5", "", { "dependencies": { "balanced-match": "^4.0.2" } }, "sha512-VZznLgtwhn+Mact9tfiwx64fA9erHH/MCXEUfB/0bX/6Fz6ny5EGTXYltMocqg4xFAQZtnO3DHWWXi8RiuN7cQ=="],

    "bun-types": ["bun-types@1.3.11", "", { "dependencies": { "@types/node": "*" } }, "sha512-1KGPpoxQWl9f6wcZh57LvrPIInQMn2TQ7jsgxqpRzg+l0QPOFvJVH7HmvHo/AiPgwXy+/Thf6Ov3EdVn1vOabg=="],

    "cluster-key-slot": ["cluster-key-slot@1.1.2", "", {}, "sha512-RMr0FhtfXemyinomL4hrWcYJxmX6deFdCxpJzhDttxgO1+bcCnkk+9drydLVDmAMG7NE6aN/fl4F7ucU/90gAA=="],

    "debug": ["debug@4.4.3", "", { "dependencies": { "ms": "^2.1.3" } }, "sha512-RGwwWnwQvkVfavKVt22FGLw+xYSdzARwm0ru6DhTVA3umU5hZc28V3kO4stgYryrTlLpuvgI9GiijltAjNbcqA=="],

    "denque": ["denque@2.1.0", "", {}, "sha512-HVQE3AAb/pxF8fQAoiqpvg9i3evqug3hoiwakOyZAwJm+6vZehbkYXZ0l4JxS+I3QxM97v5aaRNhj8v5oBhekw=="],

    "entities": ["entities@4.5.0", "", {}, "sha512-V0hjH4dGPh9Ao5p0MoRY6BVqtwCjhz6vI5LT8AJ55H+4g9/4vbHx1I54fS0XuclLhDHArPQCiMjDxjaL8fPxhw=="],

    "hono": ["hono@4.12.8", "", {}, "sha512-VJCEvtrezO1IAR+kqEYnxUOoStaQPGrCmX3j4wDTNOcD1uRPFpGlwQUIW8niPuvHXaTUxeOUl5MMDGrl+tmO9A=="],

    "ioredis": ["ioredis@5.10.1", "", { "dependencies": { "@ioredis/commands": "1.5.1", "cluster-key-slot": "^1.1.0", "debug": "^4.3.4", "denque": "^2.1.0", "lodash.defaults": "^4.2.0", "lodash.isarguments": "^3.1.0", "redis-errors": "^1.2.0", "redis-parser": "^3.0.0", "standard-as-callback": "^2.1.0" } }, "sha512-HuEDBTI70aYdx1v6U97SbNx9F1+svQKBDo30o0b9fw055LMepzpOOd0Ccg9Q6tbqmBSJaMuY0fB7yw9/vjBYCA=="],

    "linkify-it": ["linkify-it@5.0.0", "", { "dependencies": { "uc.micro": "^2.0.0" } }, "sha512-5aHCbzQRADcdP+ATqnDuhhJ/MRIqDkZX5pyjFHRRysS8vZ5AbqGEoFIb6pYHPZ+L/OC2Lc+xT8uHVVR5CAK/wQ=="],

    "lodash.defaults": ["lodash.defaults@4.2.0", "", {}, "sha512-qjxPLHd3r5DnsdGacqOMU6pb/avJzdh9tFX2ymgoZE27BmjXrNy/y4LoaiTeAb+O3gL8AfpJGtqfX/ae2leYYQ=="],

    "lodash.isarguments": ["lodash.isarguments@3.1.0", "", {}, "sha512-chi4NHZlZqZD18a0imDHnZPrDeBbTtVN7GXMwuGdRH9qotxAjYs3aVLKc7zNOG9eddR5Ksd8rvFEBc9SsggPpg=="],

    "lunr": ["lunr@2.3.9", "", {}, "sha512-zTU3DaZaF3Rt9rhN3uBMGQD3dD2/vFQqnvZCDv4dl5iOzq2IZQqTxu90r4E5J+nP70J3ilqVCrbho2eWaeW8Ow=="],

    "markdown-it": ["markdown-it@14.1.1", "", { "dependencies": { "argparse": "^2.0.1", "entities": "^4.4.0", "linkify-it": "^5.0.0", "mdurl": "^2.0.0", "punycode.js": "^2.3.1", "uc.micro": "^2.1.0" }, "bin": { "markdown-it": "bin/markdown-it.mjs" } }, "sha512-BuU2qnTti9YKgK5N+IeMubp14ZUKUUw7yeJbkjtosvHiP0AZ5c8IAgEMk79D0eC8F23r4Ac/q8cAIFdm2FtyoA=="],

    "mdurl": ["mdurl@2.0.0", "", {}, "sha512-Lf+9+2r+Tdp5wXDXC4PcIBjTDtq4UKjCPMQhKIuzpJNW0b96kVqSwW0bT7FhRSfmAiFYgP+SCRvdrDozfh0U5w=="],

    "minimatch": ["minimatch@10.2.4", "", { "dependencies": { "brace-expansion": "^5.0.2" } }, "sha512-oRjTw/97aTBN0RHbYCdtF1MQfvusSIBQM0IZEgzl6426+8jSC0nF1a/GmnVLpfB9yyr6g6FTqWqiZVbxrtaCIg=="],

    "ms": ["ms@2.1.3", "", {}, "sha512-6FlzubTLZG3J2a/NVCAleEhjzq5oxgHyaCU9yYXvcLsvoVaHJq/s5xXI6/XXP6tz7R9xAOtHnSO/tXtF3WRTlA=="],

    "punycode.js": ["punycode.js@2.3.1", "", {}, "sha512-uxFIHU0YlHYhDQtV4R9J6a52SLx28BCjT+4ieh7IGbgwVJWO+km431c4yRlREUAsAmt/uMjQUyQHNEPf0M39CA=="],

    "redis-errors": ["redis-errors@1.2.0", "", {}, "sha512-1qny3OExCf0UvUV/5wpYKf2YwPcOqXzkwKKSmKHiE6ZMQs5heeE/c8eXK+PNllPvmjgAbfnsbpkGZWy8cBpn9w=="],

    "redis-parser": ["redis-parser@3.0.0", "", { "dependencies": { "redis-errors": "^1.0.0" } }, "sha512-DJnGAeenTdpMEH6uAJRK/uiyEIH9WVsUmoLwzudwGJUwZPp80PDBWPHXSAGNPwNvIXAbe7MSUB1zQFugFml66A=="],

    "standard-as-callback": ["standard-as-callback@2.1.0", "", {}, "sha512-qoRRSyROncaz1z0mvYqIE4lCd9p2R90i6GxW3uZv5ucSu8tU7B5HXUP1gG8pVZsYNVaXjk8ClXHPttLyxAL48A=="],

    "typedoc": ["typedoc@0.28.18", "", { "dependencies": { "@gerrit0/mini-shiki": "^3.23.0", "lunr": "^2.3.9", "markdown-it": "^14.1.1", "minimatch": "^10.2.4", "yaml": "^2.8.2" }, "peerDependencies": { "typescript": "5.0.x || 5.1.x || 5.2.x || 5.3.x || 5.4.x || 5.5.x || 5.6.x || 5.7.x || 5.8.x || 5.9.x || 6.0.x" }, "bin": { "typedoc": "bin/typedoc" } }, "sha512-NTWTUOFRQ9+SGKKTuWKUioUkjxNwtS3JDRPVKZAXGHZy2wCA8bdv2iJiyeePn0xkmK+TCCqZFT0X7+2+FLjngA=="],

    "typescript": ["typescript@5.9.3", "", { "bin": { "tsc": "bin/tsc", "tsserver": "bin/tsserver" } }, "sha512-jl1vZzPDinLr9eUt3J/t7V6FgNEw9QjvBPdysz9KfQDD41fQrC2Y4vKQdiaUpFT4bXlb1RHhLpp8wtm6M5TgSw=="],

    "uc.micro": ["uc.micro@2.1.0", "", {}, "sha512-ARDJmphmdvUk6Glw7y9DQ2bFkKBHwQHLi2lsaH6PPmz/Ka9sFOBsBluozhDltWmnv9u/cF6Rt87znRTPV+yp/A=="],

    "undici-types": ["undici-types@7.18.2", "", {}, "sha512-AsuCzffGHJybSaRrmr5eHr81mwJU3kjw6M+uprWvCXiNeN9SOGwQ3Jn8jb8m3Z6izVgknn1R0FTCEAP2QrLY/w=="],

    "yaml": ["yaml@2.8.3", "", { "bin": { "yaml": "bin.mjs" } }, "sha512-AvbaCLOO2Otw/lW5bmh9d/WEdcDFdQp2Z2ZUH3pX9U2ihyUY0nvLv7J6TrWowklRGPYbB/IuIMfYgxaCPg5Bpg=="],

    "zod": ["zod@4.3.6", "", {}, "sha512-rftlrkhHZOcjDwkGlnUtZZkvaPHCsDATp4pGpuOOMDaTdDDXF91wuVDJoWoPsKX/3YPQ5fHuF3STjcYyKr+Qhg=="],
  }
}
